
Microsoft Visual Studio Solution File, Format Version 12.00
# Visual Studio Version 17
VisualStudioVersion = 17.8.34511.84
MinimumVisualStudioVersion = 10.0.40219.1
Project("{9A19103F-16F7-4668-BE54-9A1E7A4F7556}") = "BlazorAppWebAssembly", "BlazorAppWebAssembly.csproj", "{5811BA07-F669-4645-BC76-4134D8858392}"
EndProject
Project("{FAE04EC0-301F-11D3-BF4B-00C04F79EFBC}") = "BlazorAppWebApp", "..\BlazorAppWebApp\BlazorAppWebApp.csproj", "{EF21398C-4413-45DC-B5EA-BFFCEA89C2B2}"
EndProject
Global
	GlobalSection(SolutionConfigurationPlatforms) = preSolution
		Debug|Any CPU = Debug|Any CPU
		Release|Any CPU = Release|Any CPU
	EndGlobalSection
	GlobalSection(ProjectConfigurationPlatforms) = postSolution
		{5811BA07-F669-4645-BC76-4134D8858392}.Debug|Any CPU.ActiveCfg = Debug|Any CPU
		{5811BA07-F669-4645-BC76-4134D8858392}.Debug|Any CPU.Build.0 = Debug|Any CPU
		{5811BA07-F669-4645-BC76-4134D8858392}.Release|Any CPU.ActiveCfg = Release|Any CPU
		{5811BA07-F669-4645-BC76-4134D8858392}.Release|Any CPU.Build.0 = Release|Any CPU
		{EF21398C-4413-45DC-B5EA-BFFCEA89C2B2}.Debug|Any CPU.ActiveCfg = Debug|Any CPU
		{EF21398C-4413-45DC-B5EA-BFFCEA89C2B2}.Debug|Any CPU.Build.0 = Debug|Any CPU
		{EF21398C-4413-45DC-B5EA-BFFCEA89C2B2}.Release|Any CPU.ActiveCfg = Release|Any CPU
		{EF21398C-4413-45DC-B5EA-BFFCEA89C2B2}.Release|Any CPU.Build.0 = Release|Any CPU
	EndGlobalSection
	GlobalSection(SolutionProperties) = preSolution
		HideSolutionNode = FALSE
	EndGlobalSection
	GlobalSection(ExtensibilityGlobals) = postSolution
		SolutionGuid = {89442169-90AD-4F7A-A790-1BB90D3BF21F}
	EndGlobalSection
EndGlobal
