
Microsoft Visual Studio Solution File, Format Version 12.00
# Visual Studio Version 17
VisualStudioVersion = 17.8.34511.84
MinimumVisualStudioVersion = 10.0.40219.1
Project("{FAE04EC0-301F-11D3-BF4B-00C04F79EFBC}") = "PhilosophicalUniversity", "PhilosophicalUniversity.csproj", "{DA961EEB-3994-4153-8D63-7742B38809FF}"
EndProject
Global
	GlobalSection(SolutionConfigurationPlatforms) = preSolution
		Debug|Any CPU = Debug|Any CPU
		Release|Any CPU = Release|Any CPU
	EndGlobalSection
	GlobalSection(ProjectConfigurationPlatforms) = postSolution
		{DA961EEB-3994-4153-8D63-7742B38809FF}.Debug|Any CPU.ActiveCfg = Debug|Any CPU
		{DA961EEB-3994-4153-8D63-7742B38809FF}.Debug|Any CPU.Build.0 = Debug|Any CPU
		{DA961EEB-3994-4153-8D63-7742B38809FF}.Release|Any CPU.ActiveCfg = Release|Any CPU
		{DA961EEB-3994-4153-8D63-7742B38809FF}.Release|Any CPU.Build.0 = Release|Any CPU
	EndGlobalSection
	GlobalSection(SolutionProperties) = preSolution
		HideSolutionNode = FALSE
	EndGlobalSection
	GlobalSection(ExtensibilityGlobals) = postSolution
		SolutionGuid = {36D8D812-D704-4DEA-8A04-4D084F708296}
	EndGlobalSection
EndGlobal
